
Microsoft Visual Studio Solution File, Format Version 12.00
# Visual Studio Version 16
VisualStudioVersion = 16.0.29911.84
MinimumVisualStudioVersion = 10.0.40219.1
Project("{FAE04EC0-301F-11D3-BF4B-00C04F79EFBC}") = "eShopSolution.WebApp", "eShopSolution.WebApp\eShopSolution.WebApp.csproj", "{F54DD0F4-A12F-449E-BC9E-52C131BA19D4}"
EndProject
Global
	GlobalSection(SolutionConfigurationPlatforms) = preSolution
		Debug|Any CPU = Debug|Any CPU
		Release|Any CPU = Release|Any CPU
	EndGlobalSection
	GlobalSection(ProjectConfigurationPlatforms) = postSolution
		{F54DD0F4-A12F-449E-BC9E-52C131BA19D4}.Debug|Any CPU.ActiveCfg = Debug|Any CPU
		{F54DD0F4-A12F-449E-BC9E-52C131BA19D4}.Debug|Any CPU.Build.0 = Debug|Any CPU
		{F54DD0F4-A12F-449E-BC9E-52C131BA19D4}.Release|Any CPU.ActiveCfg = Release|Any CPU
		{F54DD0F4-A12F-449E-BC9E-52C131BA19D4}.Release|Any CPU.Build.0 = Release|Any CPU
	EndGlobalSection
	GlobalSection(SolutionProperties) = preSolution
		HideSolutionNode = FALSE
	EndGlobalSection
	GlobalSection(ExtensibilityGlobals) = postSolution
		SolutionGuid = {C44D50EA-16D6-4E7F-A47B-F4056E36C94B}
	EndGlobalSection
EndGlobal
